
Microsoft Visual Studio Solution File, Format Version 12.00
# Visual Studio 15
VisualStudioVersion = 15.0.28010.2036
MinimumVisualStudioVersion = 10.0.40219.1
Project("{FAE04EC0-301F-11D3-BF4B-00C04F79EFBC}") = "Pis.Android", "Pis\Pis.Android\Pis.Android.csproj", "{DE70A5A5-0579-46A1-8B8D-F6CD4FE4FA85}"
EndProject
Project("{FAE04EC0-301F-11D3-BF4B-00C04F79EFBC}") = "Pis.iOS", "Pis\Pis.iOS\Pis.iOS.csproj", "{7F2DC83D-AE7C-465D-9782-29AF3433FB6D}"
EndProject
Project("{FAE04EC0-301F-11D3-BF4B-00C04F79EFBC}") = "Pis", "Pis\Pis\Pis.csproj", "{4CDA63AB-43F2-495E-8113-0F40F99AA24B}"
EndProject
Global
	GlobalSection(SolutionConfigurationPlatforms) = preSolution
		Ad-Hoc|Any CPU = Ad-Hoc|Any CPU
		Ad-Hoc|iPhone = Ad-Hoc|iPhone
		Ad-Hoc|iPhoneSimulator = Ad-Hoc|iPhoneSimulator
		AppStore|Any CPU = AppStore|Any CPU
		AppStore|iPhone = AppStore|iPhone
		AppStore|iPhoneSimulator = AppStore|iPhoneSimulator
		Debug|Any CPU = Debug|Any CPU
		Debug|iPhone = Debug|iPhone
		Debug|iPhoneSimulator = Debug|iPhoneSimulator
		Release|Any CPU = Release|Any CPU
		Release|iPhone = Release|iPhone
		Release|iPhoneSimulator = Release|iPhoneSimulator
	EndGlobalSection
	GlobalSection(ProjectConfigurationPlatforms) = postSolution
		{DE70A5A5-0579-46A1-8B8D-F6CD4FE4FA85}.Ad-Hoc|Any CPU.ActiveCfg = Release|Any CPU
		{DE70A5A5-0579-46A1-8B8D-F6CD4FE4FA85}.Ad-Hoc|Any CPU.Build.0 = Release|Any CPU
		{DE70A5A5-0579-46A1-8B8D-F6CD4FE4FA85}.Ad-Hoc|Any CPU.Deploy.0 = Release|Any CPU
		{DE70A5A5-0579-46A1-8B8D-F6CD4FE4FA85}.Ad-Hoc|iPhone.ActiveCfg = Release|Any CPU
		{DE70A5A5-0579-46A1-8B8D-F6CD4FE4FA85}.Ad-Hoc|iPhone.Build.0 = Release|Any CPU
		{DE70A5A5-0579-46A1-8B8D-F6CD4FE4FA85}.Ad-Hoc|iPhone.Deploy.0 = Release|Any CPU
		{DE70A5A5-0579-46A1-8B8D-F6CD4FE4FA85}.Ad-Hoc|iPhoneSimulator.ActiveCfg = Release|Any CPU
		{DE70A5A5-0579-46A1-8B8D-F6CD4FE4FA85}.Ad-Hoc|iPhoneSimulator.Build.0 = Release|Any CPU
		{DE70A5A5-0579-46A1-8B8D-F6CD4FE4FA85}.Ad-Hoc|iPhoneSimulator.Deploy.0 = Release|Any CPU
		{DE70A5A5-0579-46A1-8B8D-F6CD4FE4FA85}.AppStore|Any CPU.ActiveCfg = Release|Any CPU
		{DE70A5A5-0579-46A1-8B8D-F6CD4FE4FA85}.AppStore|Any CPU.Build.0 = Release|Any CPU
		{DE70A5A5-0579-46A1-8B8D-F6CD4FE4FA85}.AppStore|Any CPU.Deploy.0 = Release|Any CPU
		{DE70A5A5-0579-46A1-8B8D-F6CD4FE4FA85}.AppStore|iPhone.ActiveCfg = Release|Any CPU
		{DE70A5A5-0579-46A1-8B8D-F6CD4FE4FA85}.AppStore|iPhone.Build.0 = Release|Any CPU
		{DE70A5A5-0579-46A1-8B8D-F6CD4FE4FA85}.AppStore|iPhone.Deploy.0 = Release|Any CPU
		{DE70A5A5-0579-46A1-8B8D-F6CD4FE4FA85}.AppStore|iPhoneSimulator.ActiveCfg = Release|Any CPU
		{DE70A5A5-0579-46A1-8B8D-F6CD4FE4FA85}.AppStore|iPhoneSimulator.Build.0 = Release|Any CPU
		{DE70A5A5-0579-46A1-8B8D-F6CD4FE4FA85}.AppStore|iPhoneSimulator.Deploy.0 = Release|Any CPU
		{DE70A5A5-0579-46A1-8B8D-F6CD4FE4FA85}.Debug|Any CPU.ActiveCfg = Debug|Any CPU
		{DE70A5A5-0579-46A1-8B8D-F6CD4FE4FA85}.Debug|Any CPU.Build.0 = Debug|Any CPU
		{DE70A5A5-0579-46A1-8B8D-F6CD4FE4FA85}.Debug|Any CPU.Deploy.0 = Debug|Any CPU
		{DE70A5A5-0579-46A1-8B8D-F6CD4FE4FA85}.Debug|iPhone.ActiveCfg = Debug|Any CPU
		{DE70A5A5-0579-46A1-8B8D-F6CD4FE4FA85}.Debug|iPhone.Build.0 = Debug|Any CPU
		{DE70A5A5-0579-46A1-8B8D-F6CD4FE4FA85}.Debug|iPhone.Deploy.0 = Debug|Any CPU
		{DE70A5A5-0579-46A1-8B8D-F6CD4FE4FA85}.Debug|iPhoneSimulator.ActiveCfg = Debug|Any CPU
		{DE70A5A5-0579-46A1-8B8D-F6CD4FE4FA85}.Debug|iPhoneSimulator.Build.0 = Debug|Any CPU
		{DE70A5A5-0579-46A1-8B8D-F6CD4FE4FA85}.Debug|iPhoneSimulator.Deploy.0 = Debug|Any CPU
		{DE70A5A5-0579-46A1-8B8D-F6CD4FE4FA85}.Release|Any CPU.ActiveCfg = Release|Any CPU
		{DE70A5A5-0579-46A1-8B8D-F6CD4FE4FA85}.Release|Any CPU.Build.0 = Release|Any CPU
		{DE70A5A5-0579-46A1-8B8D-F6CD4FE4FA85}.Release|Any CPU.Deploy.0 = Release|Any CPU
		{DE70A5A5-0579-46A1-8B8D-F6CD4FE4FA85}.Release|iPhone.ActiveCfg = Release|Any CPU
		{DE70A5A5-0579-46A1-8B8D-F6CD4FE4FA85}.Release|iPhone.Build.0 = Release|Any CPU
		{DE70A5A5-0579-46A1-8B8D-F6CD4FE4FA85}.Release|iPhone.Deploy.0 = Release|Any CPU
		{DE70A5A5-0579-46A1-8B8D-F6CD4FE4FA85}.Release|iPhoneSimulator.ActiveCfg = Release|Any CPU
		{DE70A5A5-0579-46A1-8B8D-F6CD4FE4FA85}.Release|iPhoneSimulator.Build.0 = Release|Any CPU
		{DE70A5A5-0579-46A1-8B8D-F6CD4FE4FA85}.Release|iPhoneSimulator.Deploy.0 = Release|Any CPU
		{7F2DC83D-AE7C-465D-9782-29AF3433FB6D}.Ad-Hoc|Any CPU.ActiveCfg = Ad-Hoc|iPhone
		{7F2DC83D-AE7C-465D-9782-29AF3433FB6D}.Ad-Hoc|Any CPU.Build.0 = Ad-Hoc|iPhone
		{7F2DC83D-AE7C-465D-9782-29AF3433FB6D}.Ad-Hoc|Any CPU.Deploy.0 = Ad-Hoc|iPhone
		{7F2DC83D-AE7C-465D-9782-29AF3433FB6D}.Ad-Hoc|iPhone.ActiveCfg = Ad-Hoc|iPhone
		{7F2DC83D-AE7C-465D-9782-29AF3433FB6D}.Ad-Hoc|iPhone.Build.0 = Ad-Hoc|iPhone
		{7F2DC83D-AE7C-465D-9782-29AF3433FB6D}.Ad-Hoc|iPhone.Deploy.0 = Ad-Hoc|iPhone
		{7F2DC83D-AE7C-465D-9782-29AF3433FB6D}.Ad-Hoc|iPhoneSimulator.ActiveCfg = Ad-Hoc|iPhoneSimulator
		{7F2DC83D-AE7C-465D-9782-29AF3433FB6D}.Ad-Hoc|iPhoneSimulator.Build.0 = Ad-Hoc|iPhoneSimulator
		{7F2DC83D-AE7C-465D-9782-29AF3433FB6D}.Ad-Hoc|iPhoneSimulator.Deploy.0 = Ad-Hoc|iPhoneSimulator
		{7F2DC83D-AE7C-465D-9782-29AF3433FB6D}.AppStore|Any CPU.ActiveCfg = AppStore|iPhone
		{7F2DC83D-AE7C-465D-9782-29AF3433FB6D}.AppStore|Any CPU.Build.0 = AppStore|iPhone
		{7F2DC83D-AE7C-465D-9782-29AF3433FB6D}.AppStore|Any CPU.Deploy.0 = AppStore|iPhone
		{7F2DC83D-AE7C-465D-9782-29AF3433FB6D}.AppStore|iPhone.ActiveCfg = AppStore|iPhone
		{7F2DC83D-AE7C-465D-9782-29AF3433FB6D}.AppStore|iPhone.Build.0 = AppStore|iPhone
		{7F2DC83D-AE7C-465D-9782-29AF3433FB6D}.AppStore|iPhone.Deploy.0 = AppStore|iPhone
		{7F2DC83D-AE7C-465D-9782-29AF3433FB6D}.AppStore|iPhoneSimulator.ActiveCfg = AppStore|iPhoneSimulator
		{7F2DC83D-AE7C-465D-9782-29AF3433FB6D}.AppStore|iPhoneSimulator.Build.0 = AppStore|iPhoneSimulator
		{7F2DC83D-AE7C-465D-9782-29AF3433FB6D}.AppStore|iPhoneSimulator.Deploy.0 = AppStore|iPhoneSimulator
		{7F2DC83D-AE7C-465D-9782-29AF3433FB6D}.Debug|Any CPU.ActiveCfg = Debug|iPhoneSimulator
		{7F2DC83D-AE7C-465D-9782-29AF3433FB6D}.Debug|Any CPU.Build.0 = Debug|iPhoneSimulator
		{7F2DC83D-AE7C-465D-9782-29AF3433FB6D}.Debug|Any CPU.Deploy.0 = Debug|iPhoneSimulator
		{7F2DC83D-AE7C-465D-9782-29AF3433FB6D}.Debug|iPhone.ActiveCfg = Debug|iPhone
		{7F2DC83D-AE7C-465D-9782-29AF3433FB6D}.Debug|iPhone.Build.0 = Debug|iPhone
		{7F2DC83D-AE7C-465D-9782-29AF3433FB6D}.Debug|iPhone.Deploy.0 = Debug|iPhone
		{7F2DC83D-AE7C-465D-9782-29AF3433FB6D}.Debug|iPhoneSimulator.ActiveCfg = Debug|iPhoneSimulator
		{7F2DC83D-AE7C-465D-9782-29AF3433FB6D}.Debug|iPhoneSimulator.Build.0 = Debug|iPhoneSimulator
		{7F2DC83D-AE7C-465D-9782-29AF3433FB6D}.Debug|iPhoneSimulator.Deploy.0 = Debug|iPhoneSimulator
		{7F2DC83D-AE7C-465D-9782-29AF3433FB6D}.Release|Any CPU.ActiveCfg = Release|iPhone
		{7F2DC83D-AE7C-465D-9782-29AF3433FB6D}.Release|Any CPU.Build.0 = Release|iPhone
		{7F2DC83D-AE7C-465D-9782-29AF3433FB6D}.Release|Any CPU.Deploy.0 = Release|iPhone
		{7F2DC83D-AE7C-465D-9782-29AF3433FB6D}.Release|iPhone.ActiveCfg = Release|iPhone
		{7F2DC83D-AE7C-465D-9782-29AF3433FB6D}.Release|iPhone.Build.0 = Release|iPhone
		{7F2DC83D-AE7C-465D-9782-29AF3433FB6D}.Release|iPhone.Deploy.0 = Release|iPhone
		{7F2DC83D-AE7C-465D-9782-29AF3433FB6D}.Release|iPhoneSimulator.ActiveCfg = Release|iPhoneSimulator
		{7F2DC83D-AE7C-465D-9782-29AF3433FB6D}.Release|iPhoneSimulator.Build.0 = Release|iPhoneSimulator
		{7F2DC83D-AE7C-465D-9782-29AF3433FB6D}.Release|iPhoneSimulator.Deploy.0 = Release|iPhoneSimulator
		{4CDA63AB-43F2-495E-8113-0F40F99AA24B}.Ad-Hoc|Any CPU.ActiveCfg = Debug|Any CPU
		{4CDA63AB-43F2-495E-8113-0F40F99AA24B}.Ad-Hoc|Any CPU.Build.0 = Debug|Any CPU
		{4CDA63AB-43F2-495E-8113-0F40F99AA24B}.Ad-Hoc|Any CPU.Deploy.0 = Debug|Any CPU
		{4CDA63AB-43F2-495E-8113-0F40F99AA24B}.Ad-Hoc|iPhone.ActiveCfg = Debug|Any CPU
		{4CDA63AB-43F2-495E-8113-0F40F99AA24B}.Ad-Hoc|iPhone.Build.0 = Debug|Any CPU
		{4CDA63AB-43F2-495E-8113-0F40F99AA24B}.Ad-Hoc|iPhone.Deploy.0 = Debug|Any CPU
		{4CDA63AB-43F2-495E-8113-0F40F99AA24B}.Ad-Hoc|iPhoneSimulator.ActiveCfg = Debug|Any CPU
		{4CDA63AB-43F2-495E-8113-0F40F99AA24B}.Ad-Hoc|iPhoneSimulator.Build.0 = Debug|Any CPU
		{4CDA63AB-43F2-495E-8113-0F40F99AA24B}.Ad-Hoc|iPhoneSimulator.Deploy.0 = Debug|Any CPU
		{4CDA63AB-43F2-495E-8113-0F40F99AA24B}.AppStore|Any CPU.ActiveCfg = Debug|Any CPU
		{4CDA63AB-43F2-495E-8113-0F40F99AA24B}.AppStore|Any CPU.Build.0 = Debug|Any CPU
		{4CDA63AB-43F2-495E-8113-0F40F99AA24B}.AppStore|Any CPU.Deploy.0 = Debug|Any CPU
		{4CDA63AB-43F2-495E-8113-0F40F99AA24B}.AppStore|iPhone.ActiveCfg = Debug|Any CPU
		{4CDA63AB-43F2-495E-8113-0F40F99AA24B}.AppStore|iPhone.Build.0 = Debug|Any CPU
		{4CDA63AB-43F2-495E-8113-0F40F99AA24B}.AppStore|iPhone.Deploy.0 = Debug|Any CPU
		{4CDA63AB-43F2-495E-8113-0F40F99AA24B}.AppStore|iPhoneSimulator.ActiveCfg = Debug|Any CPU
		{4CDA63AB-43F2-495E-8113-0F40F99AA24B}.AppStore|iPhoneSimulator.Build.0 = Debug|Any CPU
		{4CDA63AB-43F2-495E-8113-0F40F99AA24B}.AppStore|iPhoneSimulator.Deploy.0 = Debug|Any CPU
		{4CDA63AB-43F2-495E-8113-0F40F99AA24B}.Debug|Any CPU.ActiveCfg = Debug|Any CPU
		{4CDA63AB-43F2-495E-8113-0F40F99AA24B}.Debug|Any CPU.Build.0 = Debug|Any CPU
		{4CDA63AB-43F2-495E-8113-0F40F99AA24B}.Debug|Any CPU.Deploy.0 = Debug|Any CPU
		{4CDA63AB-43F2-495E-8113-0F40F99AA24B}.Debug|iPhone.ActiveCfg = Debug|Any CPU
		{4CDA63AB-43F2-495E-8113-0F40F99AA24B}.Debug|iPhone.Build.0 = Debug|Any CPU
		{4CDA63AB-43F2-495E-8113-0F40F99AA24B}.Debug|iPhone.Deploy.0 = Debug|Any CPU
		{4CDA63AB-43F2-495E-8113-0F40F99AA24B}.Debug|iPhoneSimulator.ActiveCfg = Debug|Any CPU
		{4CDA63AB-43F2-495E-8113-0F40F99AA24B}.Debug|iPhoneSimulator.Build.0 = Debug|Any CPU
		{4CDA63AB-43F2-495E-8113-0F40F99AA24B}.Debug|iPhoneSimulator.Deploy.0 = Debug|Any CPU
		{4CDA63AB-43F2-495E-8113-0F40F99AA24B}.Release|Any CPU.ActiveCfg = Release|Any CPU
		{4CDA63AB-43F2-495E-8113-0F40F99AA24B}.Release|Any CPU.Build.0 = Release|Any CPU
		{4CDA63AB-43F2-495E-8113-0F40F99AA24B}.Release|Any CPU.Deploy.0 = Release|Any CPU
		{4CDA63AB-43F2-495E-8113-0F40F99AA24B}.Release|iPhone.ActiveCfg = Release|Any CPU
		{4CDA63AB-43F2-495E-8113-0F40F99AA24B}.Release|iPhone.Build.0 = Release|Any CPU
		{4CDA63AB-43F2-495E-8113-0F40F99AA24B}.Release|iPhone.Deploy.0 = Release|Any CPU
		{4CDA63AB-43F2-495E-8113-0F40F99AA24B}.Release|iPhoneSimulator.ActiveCfg = Release|Any CPU
		{4CDA63AB-43F2-495E-8113-0F40F99AA24B}.Release|iPhoneSimulator.Build.0 = Release|Any CPU
		{4CDA63AB-43F2-495E-8113-0F40F99AA24B}.Release|iPhoneSimulator.Deploy.0 = Release|Any CPU
	EndGlobalSection
	GlobalSection(SolutionProperties) = preSolution
		HideSolutionNode = FALSE
	EndGlobalSection
	GlobalSection(ExtensibilityGlobals) = postSolution
		SolutionGuid = {D36D6B94-7BEC-429D-AF0A-050E94CBB8C4}
	EndGlobalSection
EndGlobal
